
Microsoft Visual Studio Solution File, Format Version 12.00
# Visual Studio Version 16
VisualStudioVersion = 16.0.31112.23
MinimumVisualStudioVersion = 10.0.40219.1
Project("{FAE04EC0-301F-11D3-BF4B-00C04F79EFBC}") = "CodeGolfPyramid", "CodeGolfPyramid\CodeGolfPyramid.csproj", "{D95AF772-6B64-4AF5-A6E2-04911754AE2F}"
EndProject
Global
	GlobalSection(SolutionConfigurationPlatforms) = preSolution
		Debug|Any CPU = Debug|Any CPU
		Release|Any CPU = Release|Any CPU
	EndGlobalSection
	GlobalSection(ProjectConfigurationPlatforms) = postSolution
		{D95AF772-6B64-4AF5-A6E2-04911754AE2F}.Debug|Any CPU.ActiveCfg = Debug|Any CPU
		{D95AF772-6B64-4AF5-A6E2-04911754AE2F}.Debug|Any CPU.Build.0 = Debug|Any CPU
		{D95AF772-6B64-4AF5-A6E2-04911754AE2F}.Release|Any CPU.ActiveCfg = Release|Any CPU
		{D95AF772-6B64-4AF5-A6E2-04911754AE2F}.Release|Any CPU.Build.0 = Release|Any CPU
	EndGlobalSection
	GlobalSection(SolutionProperties) = preSolution
		HideSolutionNode = FALSE
	EndGlobalSection
	GlobalSection(ExtensibilityGlobals) = postSolution
		SolutionGuid = {954D7D84-F7C1-4005-AFF8-47688C967ED0}
	EndGlobalSection
EndGlobal
